
Microsoft Visual Studio Solution File, Format Version 12.00
# Visual Studio Version 16
VisualStudioVersion = 16.0.28729.10
MinimumVisualStudioVersion = 10.0.40219.1
Project("{FAE04EC0-301F-11D3-BF4B-00C04F79EFBC}") = "math", "math\math.csproj", "{032E48BB-BB37-4349-8B42-00E58646AB54}"
EndProject
Project("{FAE04EC0-301F-11D3-BF4B-00C04F79EFBC}") = "mathTest", "mathTest\mathTest.csproj", "{B25476F7-CB09-44F8-837E-B7056D7CA286}"
EndProject
Global
	GlobalSection(SolutionConfigurationPlatforms) = preSolution
		Debug|Any CPU = Debug|Any CPU
		Release|Any CPU = Release|Any CPU
	EndGlobalSection
	GlobalSection(ProjectConfigurationPlatforms) = postSolution
		{032E48BB-BB37-4349-8B42-00E58646AB54}.Debug|Any CPU.ActiveCfg = Debug|Any CPU
		{032E48BB-BB37-4349-8B42-00E58646AB54}.Debug|Any CPU.Build.0 = Debug|Any CPU
		{032E48BB-BB37-4349-8B42-00E58646AB54}.Release|Any CPU.ActiveCfg = Release|Any CPU
		{032E48BB-BB37-4349-8B42-00E58646AB54}.Release|Any CPU.Build.0 = Release|Any CPU
		{B25476F7-CB09-44F8-837E-B7056D7CA286}.Debug|Any CPU.ActiveCfg = Debug|Any CPU
		{B25476F7-CB09-44F8-837E-B7056D7CA286}.Debug|Any CPU.Build.0 = Debug|Any CPU
		{B25476F7-CB09-44F8-837E-B7056D7CA286}.Release|Any CPU.ActiveCfg = Release|Any CPU
		{B25476F7-CB09-44F8-837E-B7056D7CA286}.Release|Any CPU.Build.0 = Release|Any CPU
	EndGlobalSection
	GlobalSection(SolutionProperties) = preSolution
		HideSolutionNode = FALSE
	EndGlobalSection
	GlobalSection(ExtensibilityGlobals) = postSolution
		SolutionGuid = {7F049395-062E-4AA1-91F0-A57C589C9AFC}
	EndGlobalSection
EndGlobal
